// !$*UTF8*$!
{
	archiveVersion = 1;
	classes = {
	};
	objectVersion = 46;
	objects = {

/* Begin PBXBuildFile section */
		161F84131FBBDC74006D3288 /* AppDelegate.swift in Sources */ = {isa = PBXBuildFile; fileRef = 161F84121FBBDC74006D3288 /* AppDelegate.swift */; };
		161F84151FBBDC74006D3288 /* ViewController.swift in Sources */ = {isa = PBXBuildFile; fileRef = 161F84141FBBDC74006D3288 /* ViewController.swift */; };
		161F84181FBBDC74006D3288 /* Main.storyboard in Resources */ = {isa = PBXBuildFile; fileRef = 161F84161FBBDC74006D3288 /* Main.storyboard */; };
		161F841A1FBBDC74006D3288 /* Assets.xcassets in Resources */ = {isa = PBXBuildFile; fileRef = 161F84191FBBDC74006D3288 /* Assets.xcassets */; };
		161F841D1FBBDC74006D3288 /* LaunchScreen.storyboard in Resources */ = {isa = PBXBuildFile; fileRef = 161F841B1FBBDC74006D3288 /* LaunchScreen.storyboard */; };
/* End PBXBuildFile section */

/* Begin PBXFileReference section */
		161F840F1FBBDC74006D3288 /* Temperatures.app */ = {isa = PBXFileReference; explicitFileType = wrapper.application; includeInIndex = 0; path = Temperatures.app; sourceTree = BUILT_PRODUCTS_DIR; };
		161F84121FBBDC74006D3288 /* AppDelegate.swift */ = {isa = PBXFileReference; lastKnownFileType = sourcecode.swift; path = AppDelegate.swift; sourceTree = "<group>"; };
		161F84141FBBDC74006D3288 /* ViewController.swift */ = {isa = PBXFileReference; lastKnownFileType = sourcecode.swift; path = ViewController.swift; sourceTree = "<group>"; };
		161F84171FBBDC74006D3288 /* Base */ = {isa = PBXFileReference; lastKnownFileType = file.storyboard; name = Base; path = Base.lproj/Main.storyboard; sourceTree = "<group>"; };
		161F84191FBBDC74006D3288 /* Assets.xcassets */ = {isa = PBXFileReference; lastKnownFileType = folder.assetcatalog; path = Assets.xcassets; sourceTree = "<group>"; };
		161F841C1FBBDC74006D3288 /* Base */ = {isa = PBXFileReference; lastKnownFileType = file.storyboard; name = Base; path = Base.lproj/LaunchScreen.storyboard; sourceTree = "<group>"; };
		161F841E1FBBDC74006D3288 /* Info.plist */ = {isa = PBXFileReference; lastKnownFileType = text.plist.xml; path = Info.plist; sourceTree = "<group>"; };
/* End PBXFileReference section */

/* Begin PBXFrameworksBuildPhase section */
		161F840C1FBBDC74006D3288 /* Frameworks */ = {
			isa = PBXFrameworksBuildPhase;
			buildActionMask = 2147483647;
			files = (
			);
			runOnlyForDeploymentPostprocessing = 0;
		};
/* End PBXFrameworksBuildPhase section */

/* Begin PBXGroup section */
		161F84061FBBDC74006D3288 = {
			isa = PBXGroup;
			children = (
				161F84111FBBDC74006D3288 /* Temperatures */,
				161F84101FBBDC74006D3288 /* Products */,
			);
			sourceTree = "<group>";
		};
		161F84101FBBDC74006D3288 /* Products */ = {
			isa = PBXGroup;
			children = (
				161F840F1FBBDC74006D3288 /* Temperatures.app */,
			);
			name = Products;
			sourceTree = "<group>";
		};
		161F84111FBBDC74006D3288 /* Temperatures */ = {
			isa = PBXGroup;
			children = (
				161F84121FBBDC74006D3288 /* AppDelegate.swift */,
				161F84141FBBDC74006D3288 /* ViewController.swift */,
				161F84161FBBDC74006D3288 /* Main.storyboard */,
				161F84191FBBDC74006D3288 /* Assets.xcassets */,
				161F841B1FBBDC74006D3288 /* LaunchScreen.storyboard */,
				161F841E1FBBDC74006D3288 /* Info.plist */,
			);
			path = Temperatures;
			sourceTree = "<group>";
		};
/* End PBXGroup section */

/* Begin PBXNativeTarget section */
		161F840E1FBBDC74006D3288 /* Temperatures */ = {
			isa = PBXNativeTarget;
			buildConfigurationList = 161F84211FBBDC74006D3288 /* Build configuration list for PBXNativeTarget "Temperatures" */;
			buildPhases = (
				161F840B1FBBDC74006D3288 /* Sources */,
				161F840C1FBBDC74006D3288 /* Frameworks */,
				161F840D1FBBDC74006D3288 /* Resources */,
			);
			buildRules = (
			);
			dependencies = (
			);
			name = Temperatures;
			productName = Temperatures;
			productReference = 161F840F1FBBDC74006D3288 /* Temperatures.app */;
			productType = "com.apple.product-type.application";
		};
/* End PBXNativeTarget section */

/* Begin PBXProject section */
		161F84071FBBDC74006D3288 /* Project object */ = {
			isa = PBXProject;
			attributes = {
				LastSwiftUpdateCheck = 0830;
				LastUpgradeCheck = 0830;
				ORGANIZATIONNAME = "Maribel Montejano";
				TargetAttributes = {
					161F840E1FBBDC74006D3288 = {
						CreatedOnToolsVersion = 8.3.3;
						DevelopmentTeam = VKKZ6JX7SH;
						ProvisioningStyle = Automatic;
					};
				};
			};
			buildConfigurationList = 161F840A1FBBDC74006D3288 /* Build configuration list for PBXProject "Temperatures" */;
			compatibilityVersion = "Xcode 3.2";
			developmentRegion = English;
			hasScannedForEncodings = 0;
			knownRegions = (
				en,
				Base,
			);
			mainGroup = 161F84061FBBDC74006D3288;
			productRefGroup = 161F84101FBBDC74006D3288 /* Products */;
			projectDirPath = "";
			projectRoot = "";
			targets = (
				161F840E1FBBDC74006D3288 /* Temperatures */,
			);
		};
/* End PBXProject section */

/* Begin PBXResourcesBuildPhase section */
		161F840D1FBBDC74006D3288 /* Resources */ = {
			isa = PBXResourcesBuildPhase;
			buildActionMask = 2147483647;
			files = (
				161F841D1FBBDC74006D3288 /* LaunchScreen.storyboard in Resources */,
				161F841A1FBBDC74006D3288 /* Assets.xcassets in Resources */,
				161F84181FBBDC74006D3288 /* Main.storyboard in Resources */,
			);
			runOnlyForDeploymentPostprocessing = 0;
		};
/* End PBXResourcesBuildPhase section */

/* Begin PBXSourcesBuildPhase section */
		161F840B1FBBDC74006D3288 /* Sources */ = {
			isa = PBXSourcesBuildPhase;
			buildActionMask = 2147483647;
			files = (
				161F84151FBBDC74006D3288 /* ViewController.swift in Sources */,
				161F84131FBBDC74006D3288 /* AppDelegate.swift in Sources */,
			);
			runOnlyForDeploymentPostprocessing = 0;
		};
/* End PBXSourcesBuildPhase section */

/* Begin PBXVariantGroup section */
		161F84161FBBDC74006D3288 /* Main.storyboard */ = {
			isa = PBXVariantGroup;
			children = (
				161F84171FBBDC74006D3288 /* Base */,
			);
			name = Main.storyboard;
			sourceTree = "<group>";
		};
		161F841B1FBBDC74006D3288 /* LaunchScreen.storyboard */ = {
			isa = PBXVariantGroup;
			children = (
				161F841C1FBBDC74006D3288 /* Base */,
			);
			name = LaunchScreen.storyboard;
			sourceTree = "<group>";
		};
/* End PBXVariantGroup section */

/* Begin XCBuildConfiguration section */
		161F841F1FBBDC74006D3288 /* Debug */ = {
			isa = XCBuildConfiguration;
			buildSettings = {
				ALWAYS_SEARCH_USER_PATHS = NO;
				CLANG_ANALYZER_NONNULL = YES;
				CLANG_ANALYZER_NUMBER_OBJECT_CONVERSION = YES_AGGRESSIVE;
				CLANG_CXX_LANGUAGE_STANDARD = "gnu++0x";
				CLANG_CXX_LIBRARY = "libc++";
				CLANG_ENABLE_MODULES = YES;
				CLANG_ENABLE_OBJC_ARC = YES;
				CLANG_WARN_BOOL_CONVERSION = YES;
				CLANG_WARN_CONSTANT_CONVERSION = YES;
				CLANG_WARN_DIRECT_OBJC_ISA_USAGE = YES_ERROR;
				CLANG_WARN_DOCUMENTATION_COMMENTS = YES;
				CLANG_WARN_EMPTY_BODY = YES;
				CLANG_WARN_ENUM_CONVERSION = YES;
				CLANG_WARN_INFINITE_RECURSION = YES;
				CLANG_WARN_INT_CONVERSION = YES;
				CLANG_WARN_OBJC_ROOT_CLASS = YES_ERROR;
				CLANG_WARN_SUSPICIOUS_MOVE = YES;
				CLANG_WARN_UNREACHABLE_CODE = YES;
				CLANG_WARN__DUPLICATE_METHOD_MATCH = YES;
				"CODE_SIGN_IDENTITY[sdk=iphoneos*]" = "iPhone Developer";
				COPY_PHASE_STRIP = NO;
				DEBUG_INFORMATION_FORMAT = dwarf;
				ENABLE_STRICT_OBJC_MSGSEND = YES;
				ENABLE_TESTABILITY = YES;
				GCC_C_LANGUAGE_STANDARD = gnu99;
				GCC_DYNAMIC_NO_PIC = NO;
				GCC_NO_COMMON_BLOCKS = YES;
				GCC_OPTIMIZATION_LEVEL = 0;
				GCC_PREPROCESSOR_DEFINITIONS = (
					"DEBUG=1",
					"$(inherited)",
				);
				GCC_WARN_64_TO_32_BIT_CONVERSION = YES;
				GCC_WARN_ABOUT_RETURN_TYPE = YES_ERROR;
				GCC_WARN_UNDECLARED_SELECTOR = YES;
				GCC_WARN_UNINITIALIZED_AUTOS = YES_AGGRESSIVE;
				GCC_WARN_UNUSED_FUNCTION = YES;
				GCC_WARN_UNUSED_VARIABLE = YES;
				IPHONEOS_DEPLOYMENT_TARGET = 10.3;
				MTL_ENABLE_DEBUG_INFO = YES;
				ONLY_ACTIVE_ARCH = YES;
				SDKROOT = iphoneos;
				SWIFT_ACTIVE_COMPILATION_CONDITIONS = DEBUG;
				SWIFT_OPTIMIZATION_LEVEL = "-Onone";
			};
			name = Debug;
		};
		161F84201FBBDC74006D3288 /* Release */ = {
			isa = XCBuildConfiguration;
			buildSettings = {
				ALWAYS_SEARCH_USER_PATHS = NO;
				CLANG_ANALYZER_NONNULL = YES;
				CLANG_ANALYZER_NUMBER_OBJECT_CONVERSION = YES_AGGRESSIVE;
				CLANG_CXX_LANGUAGE_STANDARD = "gnu++0x";
				CLANG_CXX_LIBRARY = "libc++";
				CLANG_ENABLE_MODULES = YES;
				CLANG_ENABLE_OBJC_ARC = YES;
				CLANG_WARN_BOOL_CONVERSION = YES;
				CLANG_WARN_CONSTANT_CONVERSION = YES;
				CLANG_WARN_DIRECT_OBJC_ISA_USAGE = YES_ERROR;
				CLANG_WARN_DOCUMENTATION_COMMENTS = YES;
				CLANG_WARN_EMPTY_BODY = YES;
				CLANG_WARN_ENUM_CONVERSION = YES;
				CLANG_WARN_INFINITE_RECURSION = YES;
				CLANG_WARN_INT_CONVERSION = YES;
				CLANG_WARN_OBJC_ROOT_CLASS = YES_ERROR;
				CLANG_WARN_SUSPICIOUS_MOVE = YES;
				CLANG_WARN_UNREACHABLE_CODE = YES;
				CLANG_WARN__DUPLICATE_METHOD_MATCH = YES;
				"CODE_SIGN_IDENTITY[sdk=iphoneos*]" = "iPhone Developer";
				COPY_PHASE_STRIP = NO;
				DEBUG_INFORMATION_FORMAT = "dwarf-with-dsym";
				ENABLE_NS_ASSERTIONS = NO;
				ENABLE_STRICT_OBJC_MSGSEND = YES;
				GCC_C_LANGUAGE_STANDARD = gnu99;
				GCC_NO_COMMON_BLOCKS = YES;
				GCC_WARN_64_TO_32_BIT_CONVERSION = YES;
				GCC_WARN_ABOUT_RETURN_TYPE = YES_ERROR;
				GCC_WARN_UNDECLARED_SELECTOR = YES;
				GCC_WARN_UNINITIALIZED_AUTOS = YES_AGGRESSIVE;
				GCC_WARN_UNUSED_FUNCTION = YES;
				GCC_WARN_UNUSED_VARIABLE = YES;
				IPHONEOS_DEPLOYMENT_TARGET = 10.3;
				MTL_ENABLE_DEBUG_INFO = NO;
				SDKROOT = iphoneos;
				SWIFT_OPTIMIZATION_LEVEL = "-Owholemodule";
				VALIDATE_PRODUCT = YES;
			};
			name = Release;
		};
		161F84221FBBDC74006D3288 /* Debug */ = {
			isa = XCBuildConfiguration;
			buildSettings = {
				ASSETCATALOG_COMPILER_APPICON_NAME = AppIcon;
				DEVELOPMENT_TEAM = VKKZ6JX7SH;
				INFOPLIST_FILE = Temperatures/Info.plist;
				LD_RUNPATH_SEARCH_PATHS = "$(inherited) @executable_path/Frameworks";
				PRODUCT_BUNDLE_IDENTIFIER = com.maribelmontejano.Temperatures;
				PRODUCT_NAME = "$(TARGET_NAME)";
				SWIFT_VERSION = 3.0;
			};
			name = Debug;
		};
		161F84231FBBDC74006D3288 /* Release */ = {
			isa = XCBuildConfiguration;
			buildSettings = {
				ASSETCATALOG_COMPILER_APPICON_NAME = AppIcon;
				DEVELOPMENT_TEAM = VKKZ6JX7SH;
				INFOPLIST_FILE = Temperatures/Info.plist;
				LD_RUNPATH_SEARCH_PATHS = "$(inherited) @executable_path/Frameworks";
				PRODUCT_BUNDLE_IDENTIFIER = com.maribelmontejano.Temperatures;
				PRODUCT_NAME = "$(TARGET_NAME)";
				SWIFT_VERSION = 3.0;
			};
			name = Release;
		};
/* End XCBuildConfiguration section */

/* Begin XCConfigurationList section */
		161F840A1FBBDC74006D3288 /* Build configuration list for PBXProject "Temperatures" */ = {
			isa = XCConfigurationList;
			buildConfigurations = (
				161F841F1FBBDC74006D3288 /* Debug */,
				161F84201FBBDC74006D3288 /* Release */,
			);
			defaultConfigurationIsVisible = 0;
			defaultConfigurationName = Release;
		};
		161F84211FBBDC74006D3288 /* Build configuration list for PBXNativeTarget "Temperatures" */ = {
			isa = XCConfigurationList;
			buildConfigurations = (
				161F84221FBBDC74006D3288 /* Debug */,
				161F84231FBBDC74006D3288 /* Release */,
			);
			defaultConfigurationIsVisible = 0;
		};
/* End XCConfigurationList section */
	};
	rootObject = 161F84071FBBDC74006D3288 /* Project object */;
}
